
Microsoft Visual Studio Solution File, Format Version 12.00
# Visual Studio Version 17
VisualStudioVersion = 17.11.35303.130
MinimumVisualStudioVersion = 10.0.40219.1
Project("{9A19103F-16F7-4668-BE54-9A1E7A4F7556}") = "WebApplication1", "WebApplication1.csproj", "{182F0398-170D-46DE-BE8C-40501A9B184D}"
EndProject
Project("{2150E333-8FDC-42A3-9474-1A3956D46DE8}") = "Solution Items", "Solution Items", "{3C7CABE9-4FB1-48A0-9084-B1B86C124758}"
	ProjectSection(SolutionItems) = preProject
		.gitignore = .gitignore
	EndProjectSection
EndProject
Global
	GlobalSection(SolutionConfigurationPlatforms) = preSolution
		Debug|Any CPU = Debug|Any CPU
		Release|Any CPU = Release|Any CPU
	EndGlobalSection
	GlobalSection(ProjectConfigurationPlatforms) = postSolution
		{182F0398-170D-46DE-BE8C-40501A9B184D}.Debug|Any CPU.ActiveCfg = Debug|Any CPU
		{182F0398-170D-46DE-BE8C-40501A9B184D}.Debug|Any CPU.Build.0 = Debug|Any CPU
		{182F0398-170D-46DE-BE8C-40501A9B184D}.Release|Any CPU.ActiveCfg = Release|Any CPU
		{182F0398-170D-46DE-BE8C-40501A9B184D}.Release|Any CPU.Build.0 = Release|Any CPU
	EndGlobalSection
	GlobalSection(SolutionProperties) = preSolution
		HideSolutionNode = FALSE
	EndGlobalSection
	GlobalSection(ExtensibilityGlobals) = postSolution
		SolutionGuid = {BBF8095B-059D-43B1-9246-1582C6FFADF2}
	EndGlobalSection
EndGlobal
